// !$*UTF8*$!
{
	archiveVersion = 1;
	classes = {
	};
	objectVersion = 50;
	objects = {

/* Begin PBXBuildFile section */
		2BB592E9A1EEA09DC4D399EE /* Pods_NaverBand.framework in Frameworks */ = {isa = PBXBuildFile; fileRef = E1F77CD68E31278BA009EAF6 /* Pods_NaverBand.framework */; };
		7F20311F247981CC00355B58 /* AppDelegate.swift in Sources */ = {isa = PBXBuildFile; fileRef = 7F20311E247981CC00355B58 /* AppDelegate.swift */; };
		7F203121247981CC00355B58 /* SceneDelegate.swift in Sources */ = {isa = PBXBuildFile; fileRef = 7F203120247981CC00355B58 /* SceneDelegate.swift */; };
		7F203123247981CC00355B58 /* ViewController.swift in Sources */ = {isa = PBXBuildFile; fileRef = 7F203122247981CC00355B58 /* ViewController.swift */; };
		7F203126247981CC00355B58 /* Main.storyboard in Resources */ = {isa = PBXBuildFile; fileRef = 7F203124247981CC00355B58 /* Main.storyboard */; };
		7F203128247981CD00355B58 /* Assets.xcassets in Resources */ = {isa = PBXBuildFile; fileRef = 7F203127247981CD00355B58 /* Assets.xcassets */; };
		7F20312B247981CD00355B58 /* LaunchScreen.storyboard in Resources */ = {isa = PBXBuildFile; fileRef = 7F203129247981CD00355B58 /* LaunchScreen.storyboard */; };
		7F2031372479962800355B58 /* Search.storyboard in Resources */ = {isa = PBXBuildFile; fileRef = 7F2031362479962800355B58 /* Search.storyboard */; };
		7F203139247996CB00355B58 /* MyPage.storyboard in Resources */ = {isa = PBXBuildFile; fileRef = 7F203138247996CB00355B58 /* MyPage.storyboard */; };
		7F20313B247997A400355B58 /* SearchViewController.swift in Sources */ = {isa = PBXBuildFile; fileRef = 7F20313A247997A400355B58 /* SearchViewController.swift */; };
		7F20313D247997B300355B58 /* MyPageViewController.swift in Sources */ = {isa = PBXBuildFile; fileRef = 7F20313C247997B300355B58 /* MyPageViewController.swift */; };
		7F32C671247B1B4000401856 /* NewTableCell.swift in Sources */ = {isa = PBXBuildFile; fileRef = 7F32C670247B1B4000401856 /* NewTableCell.swift */; };
		7F32C673247B1C4600401856 /* NewTableInformation.swift in Sources */ = {isa = PBXBuildFile; fileRef = 7F32C672247B1C4600401856 /* NewTableInformation.swift */; };
		7F92D0892479AD31002E0CC4 /* NotoSansCJKkr-Bold.otf in Resources */ = {isa = PBXBuildFile; fileRef = 7F92D0852479AD31002E0CC4 /* NotoSansCJKkr-Bold.otf */; };
		7F92D08A2479AD31002E0CC4 /* NotoSansCJKkr-Medium.otf in Resources */ = {isa = PBXBuildFile; fileRef = 7F92D0862479AD31002E0CC4 /* NotoSansCJKkr-Medium.otf */; };
		7F92D08B2479AD31002E0CC4 /* NotoSansCJKkr-DemiLight.otf in Resources */ = {isa = PBXBuildFile; fileRef = 7F92D0872479AD31002E0CC4 /* NotoSansCJKkr-DemiLight.otf */; };
		7F92D08C2479AD31002E0CC4 /* NotoSansCJKkr-Regular.otf in Resources */ = {isa = PBXBuildFile; fileRef = 7F92D0882479AD31002E0CC4 /* NotoSansCJKkr-Regular.otf */; };
		7F92D092247A8C41002E0CC4 /* TabBarViewController.swift in Sources */ = {isa = PBXBuildFile; fileRef = 7F92D091247A8C41002E0CC4 /* TabBarViewController.swift */; };
		7F92D096247A8DF7002E0CC4 /* Home.storyboard in Resources */ = {isa = PBXBuildFile; fileRef = 7F92D095247A8DF7002E0CC4 /* Home.storyboard */; };
		7F92D098247A8E08002E0CC4 /* Chat.storyboard in Resources */ = {isa = PBXBuildFile; fileRef = 7F92D097247A8E08002E0CC4 /* Chat.storyboard */; };
		7F92D09A247A8E14002E0CC4 /* New.storyboard in Resources */ = {isa = PBXBuildFile; fileRef = 7F92D099247A8E14002E0CC4 /* New.storyboard */; };
		7F92D09E247A8E92002E0CC4 /* ChatViewController.swift in Sources */ = {isa = PBXBuildFile; fileRef = 7F92D09D247A8E92002E0CC4 /* ChatViewController.swift */; };
		7F92D0A0247A8EA1002E0CC4 /* HomeViewController.swift in Sources */ = {isa = PBXBuildFile; fileRef = 7F92D09F247A8EA1002E0CC4 /* HomeViewController.swift */; };
		7F92D0AC247AC038002E0CC4 /* NewCell.swift in Sources */ = {isa = PBXBuildFile; fileRef = 7F92D0AB247AC038002E0CC4 /* NewCell.swift */; };
		7F92D0AE247AC045002E0CC4 /* PageCell.swift in Sources */ = {isa = PBXBuildFile; fileRef = 7F92D0AD247AC045002E0CC4 /* PageCell.swift */; };
		7F92D0B0247AC051002E0CC4 /* BandCell.swift in Sources */ = {isa = PBXBuildFile; fileRef = 7F92D0AF247AC051002E0CC4 /* BandCell.swift */; };
		7F92D0B2247AC0DD002E0CC4 /* New.swift in Sources */ = {isa = PBXBuildFile; fileRef = 7F92D0B1247AC0DD002E0CC4 /* New.swift */; };
		7F92D0B4247AC0EB002E0CC4 /* Page.swift in Sources */ = {isa = PBXBuildFile; fileRef = 7F92D0B3247AC0EB002E0CC4 /* Page.swift */; };
		7F92D0B6247AC0F3002E0CC4 /* Band.swift in Sources */ = {isa = PBXBuildFile; fileRef = 7F92D0B5247AC0F3002E0CC4 /* Band.swift */; };
		7FB1F91F24799EA80012EFA3 /* UIColor.swift in Sources */ = {isa = PBXBuildFile; fileRef = 7FB1F91E24799EA80012EFA3 /* UIColor.swift */; };
		7FFD7817247AC3D900DC804B /* NewViewController.swift in Sources */ = {isa = PBXBuildFile; fileRef = 7FFD7816247AC3D900DC804B /* NewViewController.swift */; };
/* End PBXBuildFile section */

/* Begin PBXFileReference section */
		1B7DD5DBFFFB03A13A6076B6 /* Pods-NaverBand.release.xcconfig */ = {isa = PBXFileReference; includeInIndex = 1; lastKnownFileType = text.xcconfig; name = "Pods-NaverBand.release.xcconfig"; path = "Target Support Files/Pods-NaverBand/Pods-NaverBand.release.xcconfig"; sourceTree = "<group>"; };
		7F20311B247981CC00355B58 /* NaverBand.app */ = {isa = PBXFileReference; explicitFileType = wrapper.application; includeInIndex = 0; path = NaverBand.app; sourceTree = BUILT_PRODUCTS_DIR; };
		7F20311E247981CC00355B58 /* AppDelegate.swift */ = {isa = PBXFileReference; lastKnownFileType = sourcecode.swift; path = AppDelegate.swift; sourceTree = "<group>"; };
		7F203120247981CC00355B58 /* SceneDelegate.swift */ = {isa = PBXFileReference; lastKnownFileType = sourcecode.swift; path = SceneDelegate.swift; sourceTree = "<group>"; };
		7F203122247981CC00355B58 /* ViewController.swift */ = {isa = PBXFileReference; lastKnownFileType = sourcecode.swift; path = ViewController.swift; sourceTree = "<group>"; };
		7F203125247981CC00355B58 /* Base */ = {isa = PBXFileReference; lastKnownFileType = file.storyboard; name = Base; path = Base.lproj/Main.storyboard; sourceTree = "<group>"; };
		7F203127247981CD00355B58 /* Assets.xcassets */ = {isa = PBXFileReference; lastKnownFileType = folder.assetcatalog; path = Assets.xcassets; sourceTree = "<group>"; };
		7F20312A247981CD00355B58 /* Base */ = {isa = PBXFileReference; lastKnownFileType = file.storyboard; name = Base; path = Base.lproj/LaunchScreen.storyboard; sourceTree = "<group>"; };
		7F20312C247981CD00355B58 /* Info.plist */ = {isa = PBXFileReference; lastKnownFileType = text.plist.xml; path = Info.plist; sourceTree = "<group>"; };
		7F2031362479962800355B58 /* Search.storyboard */ = {isa = PBXFileReference; lastKnownFileType = file.storyboard; path = Search.storyboard; sourceTree = "<group>"; };
		7F203138247996CB00355B58 /* MyPage.storyboard */ = {isa = PBXFileReference; lastKnownFileType = file.storyboard; path = MyPage.storyboard; sourceTree = "<group>"; };
		7F20313A247997A400355B58 /* SearchViewController.swift */ = {isa = PBXFileReference; lastKnownFileType = sourcecode.swift; path = SearchViewController.swift; sourceTree = "<group>"; };
		7F20313C247997B300355B58 /* MyPageViewController.swift */ = {isa = PBXFileReference; lastKnownFileType = sourcecode.swift; path = MyPageViewController.swift; sourceTree = "<group>"; };
		7F32C670247B1B4000401856 /* NewTableCell.swift */ = {isa = PBXFileReference; lastKnownFileType = sourcecode.swift; name = NewTableCell.swift; path = NaverBand/Resources/Storyboards/NewTableCell.swift; sourceTree = SOURCE_ROOT; };
		7F32C672247B1C4600401856 /* NewTableInformation.swift */ = {isa = PBXFileReference; lastKnownFileType = sourcecode.swift; name = NewTableInformation.swift; path = NaverBand/Resources/Storyboards/NewTableInformation.swift; sourceTree = SOURCE_ROOT; };
		7F92D0852479AD31002E0CC4 /* NotoSansCJKkr-Bold.otf */ = {isa = PBXFileReference; lastKnownFileType = file; name = "NotoSansCJKkr-Bold.otf"; path = "../../../../../Downloads/아카이브/NotoSansCJKkr-Bold.otf"; sourceTree = "<group>"; };
		7F92D0862479AD31002E0CC4 /* NotoSansCJKkr-Medium.otf */ = {isa = PBXFileReference; lastKnownFileType = file; name = "NotoSansCJKkr-Medium.otf"; path = "../../../../../Downloads/아카이브/NotoSansCJKkr-Medium.otf"; sourceTree = "<group>"; };
		7F92D0872479AD31002E0CC4 /* NotoSansCJKkr-DemiLight.otf */ = {isa = PBXFileReference; lastKnownFileType = file; name = "NotoSansCJKkr-DemiLight.otf"; path = "../../../../../Downloads/아카이브/NotoSansCJKkr-DemiLight.otf"; sourceTree = "<group>"; };
		7F92D0882479AD31002E0CC4 /* NotoSansCJKkr-Regular.otf */ = {isa = PBXFileReference; lastKnownFileType = file; name = "NotoSansCJKkr-Regular.otf"; path = "../../../../../Downloads/아카이브/NotoSansCJKkr-Regular.otf"; sourceTree = "<group>"; };
		7F92D091247A8C41002E0CC4 /* TabBarViewController.swift */ = {isa = PBXFileReference; lastKnownFileType = sourcecode.swift; path = TabBarViewController.swift; sourceTree = SOURCE_ROOT; };
		7F92D095247A8DF7002E0CC4 /* Home.storyboard */ = {isa = PBXFileReference; lastKnownFileType = file.storyboard; path = Home.storyboard; sourceTree = "<group>"; };
		7F92D097247A8E08002E0CC4 /* Chat.storyboard */ = {isa = PBXFileReference; lastKnownFileType = file.storyboard; path = Chat.storyboard; sourceTree = "<group>"; };
		7F92D099247A8E14002E0CC4 /* New.storyboard */ = {isa = PBXFileReference; lastKnownFileType = file.storyboard; path = New.storyboard; sourceTree = "<group>"; };
		7F92D09D247A8E92002E0CC4 /* ChatViewController.swift */ = {isa = PBXFileReference; lastKnownFileType = sourcecode.swift; path = ChatViewController.swift; sourceTree = "<group>"; };
		7F92D09F247A8EA1002E0CC4 /* HomeViewController.swift */ = {isa = PBXFileReference; lastKnownFileType = sourcecode.swift; path = HomeViewController.swift; sourceTree = "<group>"; };
		7F92D0AB247AC038002E0CC4 /* NewCell.swift */ = {isa = PBXFileReference; lastKnownFileType = sourcecode.swift; path = NewCell.swift; sourceTree = "<group>"; };
		7F92D0AD247AC045002E0CC4 /* PageCell.swift */ = {isa = PBXFileReference; lastKnownFileType = sourcecode.swift; path = PageCell.swift; sourceTree = "<group>"; };
		7F92D0AF247AC051002E0CC4 /* BandCell.swift */ = {isa = PBXFileReference; lastKnownFileType = sourcecode.swift; path = BandCell.swift; sourceTree = "<group>"; };
		7F92D0B1247AC0DD002E0CC4 /* New.swift */ = {isa = PBXFileReference; lastKnownFileType = sourcecode.swift; path = New.swift; sourceTree = "<group>"; };
		7F92D0B3247AC0EB002E0CC4 /* Page.swift */ = {isa = PBXFileReference; lastKnownFileType = sourcecode.swift; path = Page.swift; sourceTree = "<group>"; };
		7F92D0B5247AC0F3002E0CC4 /* Band.swift */ = {isa = PBXFileReference; lastKnownFileType = sourcecode.swift; path = Band.swift; sourceTree = "<group>"; };
		7FB1F91E24799EA80012EFA3 /* UIColor.swift */ = {isa = PBXFileReference; lastKnownFileType = sourcecode.swift; path = UIColor.swift; sourceTree = "<group>"; };
		7FFD7816247AC3D900DC804B /* NewViewController.swift */ = {isa = PBXFileReference; lastKnownFileType = sourcecode.swift; path = NewViewController.swift; sourceTree = "<group>"; };
		E1F77CD68E31278BA009EAF6 /* Pods_NaverBand.framework */ = {isa = PBXFileReference; explicitFileType = wrapper.framework; includeInIndex = 0; path = Pods_NaverBand.framework; sourceTree = BUILT_PRODUCTS_DIR; };
		FB8D7DA6566A31734063E136 /* Pods-NaverBand.debug.xcconfig */ = {isa = PBXFileReference; includeInIndex = 1; lastKnownFileType = text.xcconfig; name = "Pods-NaverBand.debug.xcconfig"; path = "Target Support Files/Pods-NaverBand/Pods-NaverBand.debug.xcconfig"; sourceTree = "<group>"; };
/* End PBXFileReference section */

/* Begin PBXFrameworksBuildPhase section */
		7F203118247981CC00355B58 /* Frameworks */ = {
			isa = PBXFrameworksBuildPhase;
			buildActionMask = 2147483647;
			files = (
				2BB592E9A1EEA09DC4D399EE /* Pods_NaverBand.framework in Frameworks */,
			);
			runOnlyForDeploymentPostprocessing = 0;
		};
/* End PBXFrameworksBuildPhase section */

/* Begin PBXGroup section */
		12A07C9E423683C355F06DAF /* Frameworks */ = {
			isa = PBXGroup;
			children = (
				E1F77CD68E31278BA009EAF6 /* Pods_NaverBand.framework */,
			);
			name = Frameworks;
			sourceTree = "<group>";
		};
		7F203112247981CC00355B58 = {
			isa = PBXGroup;
			children = (
				7F20311D247981CC00355B58 /* NaverBand */,
				7F20311C247981CC00355B58 /* Products */,
				C0B9679DA815FBDAA631A37D /* Pods */,
				12A07C9E423683C355F06DAF /* Frameworks */,
			);
			sourceTree = "<group>";
		};
		7F20311C247981CC00355B58 /* Products */ = {
			isa = PBXGroup;
			children = (
				7F20311B247981CC00355B58 /* NaverBand.app */,
			);
			name = Products;
			sourceTree = "<group>";
		};
		7F20311D247981CC00355B58 /* NaverBand */ = {
			isa = PBXGroup;
			children = (
				7F2031352479943600355B58 /* ViewControllers */,
				7F2031332479941900355B58 /* Sources */,
				7F2031322479940300355B58 /* Resources */,
				7F203127247981CD00355B58 /* Assets.xcassets */,
				7F20312C247981CD00355B58 /* Info.plist */,
			);
			path = NaverBand;
			sourceTree = "<group>";
		};
		7F2031322479940300355B58 /* Resources */ = {
			isa = PBXGroup;
			children = (
				7F2031342479942000355B58 /* Storyboards */,
			);
			path = Resources;
			sourceTree = "<group>";
		};
		7F2031332479941900355B58 /* Sources */ = {
			isa = PBXGroup;
			children = (
				7F92D0A3247ABF64002E0CC4 /* Models */,
				7F92D0842479ACF4002E0CC4 /* Font */,
				7F20313E24799B2700355B58 /* Extensions */,
				7F20311E247981CC00355B58 /* AppDelegate.swift */,
				7F203120247981CC00355B58 /* SceneDelegate.swift */,
			);
			path = Sources;
			sourceTree = "<group>";
		};
		7F2031342479942000355B58 /* Storyboards */ = {
			isa = PBXGroup;
			children = (
				7F92D095247A8DF7002E0CC4 /* Home.storyboard */,
				7F203124247981CC00355B58 /* Main.storyboard */,
				7F2031362479962800355B58 /* Search.storyboard */,
				7F203138247996CB00355B58 /* MyPage.storyboard */,
				7F203129247981CD00355B58 /* LaunchScreen.storyboard */,
				7F92D097247A8E08002E0CC4 /* Chat.storyboard */,
				7F92D099247A8E14002E0CC4 /* New.storyboard */,
			);
			path = Storyboards;
			sourceTree = "<group>";
		};
		7F2031352479943600355B58 /* ViewControllers */ = {
			isa = PBXGroup;
			children = (
				7F92D09D247A8E92002E0CC4 /* ChatViewController.swift */,
				7F92D09F247A8EA1002E0CC4 /* HomeViewController.swift */,
				7F92D091247A8C41002E0CC4 /* TabBarViewController.swift */,
				7F203122247981CC00355B58 /* ViewController.swift */,
				7FFD7816247AC3D900DC804B /* NewViewController.swift */,
				7F92D0A1247ABDD3002E0CC4 /* Search */,
				7F92D0A2247ABDE5002E0CC4 /* MyPage */,
			);
			path = ViewControllers;
			sourceTree = "<group>";
		};
		7F20313E24799B2700355B58 /* Extensions */ = {
			isa = PBXGroup;
			children = (
				7FB1F91E24799EA80012EFA3 /* UIColor.swift */,
			);
			path = Extensions;
			sourceTree = "<group>";
		};
		7F92D0842479ACF4002E0CC4 /* Font */ = {
			isa = PBXGroup;
			children = (
				7F92D0852479AD31002E0CC4 /* NotoSansCJKkr-Bold.otf */,
				7F92D0872479AD31002E0CC4 /* NotoSansCJKkr-DemiLight.otf */,
				7F92D0862479AD31002E0CC4 /* NotoSansCJKkr-Medium.otf */,
				7F92D0882479AD31002E0CC4 /* NotoSansCJKkr-Regular.otf */,
			);
			path = Font;
			sourceTree = "<group>";
		};
		7F92D0A1247ABDD3002E0CC4 /* Search */ = {
			isa = PBXGroup;
			children = (
				7F20313A247997A400355B58 /* SearchViewController.swift */,
				7F92D0AB247AC038002E0CC4 /* NewCell.swift */,
				7F92D0AD247AC045002E0CC4 /* PageCell.swift */,
				7F92D0AF247AC051002E0CC4 /* BandCell.swift */,
			);
			path = Search;
			sourceTree = "<group>";
		};
		7F92D0A2247ABDE5002E0CC4 /* MyPage */ = {
			isa = PBXGroup;
			children = (
				7F32C672247B1C4600401856 /* NewTableInformation.swift */,
				7F32C670247B1B4000401856 /* NewTableCell.swift */,
				7F20313C247997B300355B58 /* MyPageViewController.swift */,
			);
			path = MyPage;
			sourceTree = "<group>";
		};
		7F92D0A3247ABF64002E0CC4 /* Models */ = {
			isa = PBXGroup;
			children = (
				7F92D0B1247AC0DD002E0CC4 /* New.swift */,
				7F92D0B3247AC0EB002E0CC4 /* Page.swift */,
				7F92D0B5247AC0F3002E0CC4 /* Band.swift */,
			);
			path = Models;
			sourceTree = "<group>";
		};
		C0B9679DA815FBDAA631A37D /* Pods */ = {
			isa = PBXGroup;
			children = (
				FB8D7DA6566A31734063E136 /* Pods-NaverBand.debug.xcconfig */,
				1B7DD5DBFFFB03A13A6076B6 /* Pods-NaverBand.release.xcconfig */,
			);
			name = Pods;
			path = Pods;
			sourceTree = "<group>";
		};
/* End PBXGroup section */

/* Begin PBXNativeTarget section */
		7F20311A247981CC00355B58 /* NaverBand */ = {
			isa = PBXNativeTarget;
			buildConfigurationList = 7F20312F247981CD00355B58 /* Build configuration list for PBXNativeTarget "NaverBand" */;
			buildPhases = (
				53A58F37667D63424E4AC1C5 /* [CP] Check Pods Manifest.lock */,
				7F203117247981CC00355B58 /* Sources */,
				7F203118247981CC00355B58 /* Frameworks */,
				7F203119247981CC00355B58 /* Resources */,
				2113610AC8E5DEC994EDF6D4 /* [CP] Embed Pods Frameworks */,
			);
			buildRules = (
			);
			dependencies = (
			);
			name = NaverBand;
			productName = NaverBand;
			productReference = 7F20311B247981CC00355B58 /* NaverBand.app */;
			productType = "com.apple.product-type.application";
		};
/* End PBXNativeTarget section */

/* Begin PBXProject section */
		7F203113247981CC00355B58 /* Project object */ = {
			isa = PBXProject;
			attributes = {
				LastSwiftUpdateCheck = 1150;
				LastUpgradeCheck = 1150;
				ORGANIZATIONNAME = "박주연";
				TargetAttributes = {
					7F20311A247981CC00355B58 = {
						CreatedOnToolsVersion = 11.5;
					};
				};
			};
			buildConfigurationList = 7F203116247981CC00355B58 /* Build configuration list for PBXProject "NaverBand" */;
			compatibilityVersion = "Xcode 9.3";
			developmentRegion = en;
			hasScannedForEncodings = 0;
			knownRegions = (
				en,
				Base,
			);
			mainGroup = 7F203112247981CC00355B58;
			productRefGroup = 7F20311C247981CC00355B58 /* Products */;
			projectDirPath = "";
			projectRoot = "";
			targets = (
				7F20311A247981CC00355B58 /* NaverBand */,
			);
		};
/* End PBXProject section */

/* Begin PBXResourcesBuildPhase section */
		7F203119247981CC00355B58 /* Resources */ = {
			isa = PBXResourcesBuildPhase;
			buildActionMask = 2147483647;
			files = (
				7F92D08B2479AD31002E0CC4 /* NotoSansCJKkr-DemiLight.otf in Resources */,
				7F92D098247A8E08002E0CC4 /* Chat.storyboard in Resources */,
				7F92D096247A8DF7002E0CC4 /* Home.storyboard in Resources */,
				7F20312B247981CD00355B58 /* LaunchScreen.storyboard in Resources */,
				7F92D08A2479AD31002E0CC4 /* NotoSansCJKkr-Medium.otf in Resources */,
				7F203139247996CB00355B58 /* MyPage.storyboard in Resources */,
				7F92D08C2479AD31002E0CC4 /* NotoSansCJKkr-Regular.otf in Resources */,
				7F203128247981CD00355B58 /* Assets.xcassets in Resources */,
				7F2031372479962800355B58 /* Search.storyboard in Resources */,
				7F203126247981CC00355B58 /* Main.storyboard in Resources */,
				7F92D0892479AD31002E0CC4 /* NotoSansCJKkr-Bold.otf in Resources */,
				7F92D09A247A8E14002E0CC4 /* New.storyboard in Resources */,
			);
			runOnlyForDeploymentPostprocessing = 0;
		};
/* End PBXResourcesBuildPhase section */

/* Begin PBXShellScriptBuildPhase section */
		2113610AC8E5DEC994EDF6D4 /* [CP] Embed Pods Frameworks */ = {
			isa = PBXShellScriptBuildPhase;
			buildActionMask = 2147483647;
			files = (
			);
			inputFileListPaths = (
				"${PODS_ROOT}/Target Support Files/Pods-NaverBand/Pods-NaverBand-frameworks-${CONFIGURATION}-input-files.xcfilelist",
			);
			name = "[CP] Embed Pods Frameworks";
			outputFileListPaths = (
				"${PODS_ROOT}/Target Support Files/Pods-NaverBand/Pods-NaverBand-frameworks-${CONFIGURATION}-output-files.xcfilelist",
			);
			runOnlyForDeploymentPostprocessing = 0;
			shellPath = /bin/sh;
			shellScript = "\"${PODS_ROOT}/Target Support Files/Pods-NaverBand/Pods-NaverBand-frameworks.sh\"\n";
			showEnvVarsInLog = 0;
		};
		53A58F37667D63424E4AC1C5 /* [CP] Check Pods Manifest.lock */ = {
			isa = PBXShellScriptBuildPhase;
			buildActionMask = 2147483647;
			files = (
			);
			inputFileListPaths = (
			);
			inputPaths = (
				"${PODS_PODFILE_DIR_PATH}/Podfile.lock",
				"${PODS_ROOT}/Manifest.lock",
			);
			name = "[CP] Check Pods Manifest.lock";
			outputFileListPaths = (
			);
			outputPaths = (
				"$(DERIVED_FILE_DIR)/Pods-NaverBand-checkManifestLockResult.txt",
			);
			runOnlyForDeploymentPostprocessing = 0;
			shellPath = /bin/sh;
			shellScript = "diff \"${PODS_PODFILE_DIR_PATH}/Podfile.lock\" \"${PODS_ROOT}/Manifest.lock\" > /dev/null\nif [ $? != 0 ] ; then\n    # print error to STDERR\n    echo \"error: The sandbox is not in sync with the Podfile.lock. Run 'pod install' or update your CocoaPods installation.\" >&2\n    exit 1\nfi\n# This output is used by Xcode 'outputs' to avoid re-running this script phase.\necho \"SUCCESS\" > \"${SCRIPT_OUTPUT_FILE_0}\"\n";
			showEnvVarsInLog = 0;
		};
/* End PBXShellScriptBuildPhase section */

/* Begin PBXSourcesBuildPhase section */
		7F203117247981CC00355B58 /* Sources */ = {
			isa = PBXSourcesBuildPhase;
			buildActionMask = 2147483647;
			files = (
				7F92D0B2247AC0DD002E0CC4 /* New.swift in Sources */,
				7F20313D247997B300355B58 /* MyPageViewController.swift in Sources */,
				7FB1F91F24799EA80012EFA3 /* UIColor.swift in Sources */,
				7F203123247981CC00355B58 /* ViewController.swift in Sources */,
				7F20311F247981CC00355B58 /* AppDelegate.swift in Sources */,
				7F92D0B0247AC051002E0CC4 /* BandCell.swift in Sources */,
				7F92D0AE247AC045002E0CC4 /* PageCell.swift in Sources */,
				7F92D0A0247A8EA1002E0CC4 /* HomeViewController.swift in Sources */,
				7F92D092247A8C41002E0CC4 /* TabBarViewController.swift in Sources */,
				7F92D0B6247AC0F3002E0CC4 /* Band.swift in Sources */,
				7F20313B247997A400355B58 /* SearchViewController.swift in Sources */,
				7FFD7817247AC3D900DC804B /* NewViewController.swift in Sources */,
				7F32C673247B1C4600401856 /* NewTableInformation.swift in Sources */,
				7F92D0AC247AC038002E0CC4 /* NewCell.swift in Sources */,
				7F32C671247B1B4000401856 /* NewTableCell.swift in Sources */,
				7F92D09E247A8E92002E0CC4 /* ChatViewController.swift in Sources */,
				7F203121247981CC00355B58 /* SceneDelegate.swift in Sources */,
				7F92D0B4247AC0EB002E0CC4 /* Page.swift in Sources */,
			);
			runOnlyForDeploymentPostprocessing = 0;
		};
/* End PBXSourcesBuildPhase section */

/* Begin PBXVariantGroup section */
		7F203124247981CC00355B58 /* Main.storyboard */ = {
			isa = PBXVariantGroup;
			children = (
				7F203125247981CC00355B58 /* Base */,
			);
			name = Main.storyboard;
			sourceTree = "<group>";
		};
		7F203129247981CD00355B58 /* LaunchScreen.storyboard */ = {
			isa = PBXVariantGroup;
			children = (
				7F20312A247981CD00355B58 /* Base */,
			);
			name = LaunchScreen.storyboard;
			sourceTree = "<group>";
		};
/* End PBXVariantGroup section */

/* Begin XCBuildConfiguration section */
		7F20312D247981CD00355B58 /* Debug */ = {
			isa = XCBuildConfiguration;
			buildSettings = {
				ALWAYS_SEARCH_USER_PATHS = NO;
				CLANG_ANALYZER_NONNULL = YES;
				CLANG_ANALYZER_NUMBER_OBJECT_CONVERSION = YES_AGGRESSIVE;
				CLANG_CXX_LANGUAGE_STANDARD = "gnu++14";
				CLANG_CXX_LIBRARY = "libc++";
				CLANG_ENABLE_MODULES = YES;
				CLANG_ENABLE_OBJC_ARC = YES;
				CLANG_ENABLE_OBJC_WEAK = YES;
				CLANG_WARN_BLOCK_CAPTURE_AUTORELEASING = YES;
				CLANG_WARN_BOOL_CONVERSION = YES;
				CLANG_WARN_COMMA = YES;
				CLANG_WARN_CONSTANT_CONVERSION = YES;
				CLANG_WARN_DEPRECATED_OBJC_IMPLEMENTATIONS = YES;
				CLANG_WARN_DIRECT_OBJC_ISA_USAGE = YES_ERROR;
				CLANG_WARN_DOCUMENTATION_COMMENTS = YES;
				CLANG_WARN_EMPTY_BODY = YES;
				CLANG_WARN_ENUM_CONVERSION = YES;
				CLANG_WARN_INFINITE_RECURSION = YES;
				CLANG_WARN_INT_CONVERSION = YES;
				CLANG_WARN_NON_LITERAL_NULL_CONVERSION = YES;
				CLANG_WARN_OBJC_IMPLICIT_RETAIN_SELF = YES;
				CLANG_WARN_OBJC_LITERAL_CONVERSION = YES;
				CLANG_WARN_OBJC_ROOT_CLASS = YES_ERROR;
				CLANG_WARN_RANGE_LOOP_ANALYSIS = YES;
				CLANG_WARN_STRICT_PROTOTYPES = YES;
				CLANG_WARN_SUSPICIOUS_MOVE = YES;
				CLANG_WARN_UNGUARDED_AVAILABILITY = YES_AGGRESSIVE;
				CLANG_WARN_UNREACHABLE_CODE = YES;
				CLANG_WARN__DUPLICATE_METHOD_MATCH = YES;
				COPY_PHASE_STRIP = NO;
				DEBUG_INFORMATION_FORMAT = dwarf;
				ENABLE_STRICT_OBJC_MSGSEND = YES;
				ENABLE_TESTABILITY = YES;
				GCC_C_LANGUAGE_STANDARD = gnu11;
				GCC_DYNAMIC_NO_PIC = NO;
				GCC_NO_COMMON_BLOCKS = YES;
				GCC_OPTIMIZATION_LEVEL = 0;
				GCC_PREPROCESSOR_DEFINITIONS = (
					"DEBUG=1",
					"$(inherited)",
				);
				GCC_WARN_64_TO_32_BIT_CONVERSION = YES;
				GCC_WARN_ABOUT_RETURN_TYPE = YES_ERROR;
				GCC_WARN_UNDECLARED_SELECTOR = YES;
				GCC_WARN_UNINITIALIZED_AUTOS = YES_AGGRESSIVE;
				GCC_WARN_UNUSED_FUNCTION = YES;
				GCC_WARN_UNUSED_VARIABLE = YES;
				IPHONEOS_DEPLOYMENT_TARGET = 13.5;
				MTL_ENABLE_DEBUG_INFO = INCLUDE_SOURCE;
				MTL_FAST_MATH = YES;
				ONLY_ACTIVE_ARCH = YES;
				SDKROOT = iphoneos;
				SWIFT_ACTIVE_COMPILATION_CONDITIONS = DEBUG;
				SWIFT_OPTIMIZATION_LEVEL = "-Onone";
			};
			name = Debug;
		};
		7F20312E247981CD00355B58 /* Release */ = {
			isa = XCBuildConfiguration;
			buildSettings = {
				ALWAYS_SEARCH_USER_PATHS = NO;
				CLANG_ANALYZER_NONNULL = YES;
				CLANG_ANALYZER_NUMBER_OBJECT_CONVERSION = YES_AGGRESSIVE;
				CLANG_CXX_LANGUAGE_STANDARD = "gnu++14";
				CLANG_CXX_LIBRARY = "libc++";
				CLANG_ENABLE_MODULES = YES;
				CLANG_ENABLE_OBJC_ARC = YES;
				CLANG_ENABLE_OBJC_WEAK = YES;
				CLANG_WARN_BLOCK_CAPTURE_AUTORELEASING = YES;
				CLANG_WARN_BOOL_CONVERSION = YES;
				CLANG_WARN_COMMA = YES;
				CLANG_WARN_CONSTANT_CONVERSION = YES;
				CLANG_WARN_DEPRECATED_OBJC_IMPLEMENTATIONS = YES;
				CLANG_WARN_DIRECT_OBJC_ISA_USAGE = YES_ERROR;
				CLANG_WARN_DOCUMENTATION_COMMENTS = YES;
				CLANG_WARN_EMPTY_BODY = YES;
				CLANG_WARN_ENUM_CONVERSION = YES;
				CLANG_WARN_INFINITE_RECURSION = YES;
				CLANG_WARN_INT_CONVERSION = YES;
				CLANG_WARN_NON_LITERAL_NULL_CONVERSION = YES;
				CLANG_WARN_OBJC_IMPLICIT_RETAIN_SELF = YES;
				CLANG_WARN_OBJC_LITERAL_CONVERSION = YES;
				CLANG_WARN_OBJC_ROOT_CLASS = YES_ERROR;
				CLANG_WARN_RANGE_LOOP_ANALYSIS = YES;
				CLANG_WARN_STRICT_PROTOTYPES = YES;
				CLANG_WARN_SUSPICIOUS_MOVE = YES;
				CLANG_WARN_UNGUARDED_AVAILABILITY = YES_AGGRESSIVE;
				CLANG_WARN_UNREACHABLE_CODE = YES;
				CLANG_WARN__DUPLICATE_METHOD_MATCH = YES;
				COPY_PHASE_STRIP = NO;
				DEBUG_INFORMATION_FORMAT = "dwarf-with-dsym";
				ENABLE_NS_ASSERTIONS = NO;
				ENABLE_STRICT_OBJC_MSGSEND = YES;
				GCC_C_LANGUAGE_STANDARD = gnu11;
				GCC_NO_COMMON_BLOCKS = YES;
				GCC_WARN_64_TO_32_BIT_CONVERSION = YES;
				GCC_WARN_ABOUT_RETURN_TYPE = YES_ERROR;
				GCC_WARN_UNDECLARED_SELECTOR = YES;
				GCC_WARN_UNINITIALIZED_AUTOS = YES_AGGRESSIVE;
				GCC_WARN_UNUSED_FUNCTION = YES;
				GCC_WARN_UNUSED_VARIABLE = YES;
				IPHONEOS_DEPLOYMENT_TARGET = 13.5;
				MTL_ENABLE_DEBUG_INFO = NO;
				MTL_FAST_MATH = YES;
				SDKROOT = iphoneos;
				SWIFT_COMPILATION_MODE = wholemodule;
				SWIFT_OPTIMIZATION_LEVEL = "-O";
				VALIDATE_PRODUCT = YES;
			};
			name = Release;
		};
		7F203130247981CD00355B58 /* Debug */ = {
			isa = XCBuildConfiguration;
			baseConfigurationReference = FB8D7DA6566A31734063E136 /* Pods-NaverBand.debug.xcconfig */;
			buildSettings = {
				ASSETCATALOG_COMPILER_APPICON_NAME = AppIcon;
				CODE_SIGN_STYLE = Automatic;
				DEVELOPMENT_TEAM = K7PMZ9X55K;
				INFOPLIST_FILE = NaverBand/Info.plist;
				LD_RUNPATH_SEARCH_PATHS = (
					"$(inherited)",
					"@executable_path/Frameworks",
				);
				PRODUCT_BUNDLE_IDENTIFIER = com.assignment3.NaverBand;
				PRODUCT_NAME = "$(TARGET_NAME)";
				SWIFT_VERSION = 5.0;
				TARGETED_DEVICE_FAMILY = "1,2";
			};
			name = Debug;
		};
		7F203131247981CD00355B58 /* Release */ = {
			isa = XCBuildConfiguration;
			baseConfigurationReference = 1B7DD5DBFFFB03A13A6076B6 /* Pods-NaverBand.release.xcconfig */;
			buildSettings = {
				ASSETCATALOG_COMPILER_APPICON_NAME = AppIcon;
				CODE_SIGN_STYLE = Automatic;
				DEVELOPMENT_TEAM = K7PMZ9X55K;
				INFOPLIST_FILE = NaverBand/Info.plist;
				LD_RUNPATH_SEARCH_PATHS = (
					"$(inherited)",
					"@executable_path/Frameworks",
				);
				PRODUCT_BUNDLE_IDENTIFIER = com.assignment3.NaverBand;
				PRODUCT_NAME = "$(TARGET_NAME)";
				SWIFT_VERSION = 5.0;
				TARGETED_DEVICE_FAMILY = "1,2";
			};
			name = Release;
		};
/* End XCBuildConfiguration section */

/* Begin XCConfigurationList section */
		7F203116247981CC00355B58 /* Build configuration list for PBXProject "NaverBand" */ = {
			isa = XCConfigurationList;
			buildConfigurations = (
				7F20312D247981CD00355B58 /* Debug */,
				7F20312E247981CD00355B58 /* Release */,
			);
			defaultConfigurationIsVisible = 0;
			defaultConfigurationName = Release;
		};
		7F20312F247981CD00355B58 /* Build configuration list for PBXNativeTarget "NaverBand" */ = {
			isa = XCConfigurationList;
			buildConfigurations = (
				7F203130247981CD00355B58 /* Debug */,
				7F203131247981CD00355B58 /* Release */,
			);
			defaultConfigurationIsVisible = 0;
			defaultConfigurationName = Release;
		};
/* End XCConfigurationList section */
	};
	rootObject = 7F203113247981CC00355B58 /* Project object */;
}
